
Microsoft Visual Studio Solution File, Format Version 12.00
# Visual Studio Version 16
VisualStudioVersion = 16.0.30804.86
MinimumVisualStudioVersion = 10.0.40219.1
Project("{9A19103F-16F7-4668-BE54-9A1E7A4F7556}") = "Shop", "Shop.csproj", "{50698BB3-A8CA-4291-87DB-A0A3EF56AA18}"
EndProject
Global
	GlobalSection(SolutionConfigurationPlatforms) = preSolution
		Debug|Any CPU = Debug|Any CPU
		Release|Any CPU = Release|Any CPU
	EndGlobalSection
	GlobalSection(ProjectConfigurationPlatforms) = postSolution
		{50698BB3-A8CA-4291-87DB-A0A3EF56AA18}.Debug|Any CPU.ActiveCfg = Debug|Any CPU
		{50698BB3-A8CA-4291-87DB-A0A3EF56AA18}.Debug|Any CPU.Build.0 = Debug|Any CPU
		{50698BB3-A8CA-4291-87DB-A0A3EF56AA18}.Release|Any CPU.ActiveCfg = Release|Any CPU
		{50698BB3-A8CA-4291-87DB-A0A3EF56AA18}.Release|Any CPU.Build.0 = Release|Any CPU
	EndGlobalSection
	GlobalSection(SolutionProperties) = preSolution
		HideSolutionNode = FALSE
	EndGlobalSection
	GlobalSection(ExtensibilityGlobals) = postSolution
		SolutionGuid = {876ED7CA-2160-42E6-BC71-C3EE3E2D28F8}
	EndGlobalSection
EndGlobal
